// !$*UTF8*$!
{
	archiveVersion = 1;
	classes = {
	};
	objectVersion = 56;
	objects = {

/* Begin PBXBuildFile section */
		9C0C94FB2A2335C4004C63B7 /* AppDelegate.swift in Sources */ = {isa = PBXBuildFile; fileRef = 9C0C94FA2A2335C4004C63B7 /* AppDelegate.swift */; };
		9C0C94FD2A2335C4004C63B7 /* SceneDelegate.swift in Sources */ = {isa = PBXBuildFile; fileRef = 9C0C94FC2A2335C4004C63B7 /* SceneDelegate.swift */; };
		9C0C94FF2A2335C4004C63B7 /* ViewController.swift in Sources */ = {isa = PBXBuildFile; fileRef = 9C0C94FE2A2335C4004C63B7 /* ViewController.swift */; };
		9C0C95022A2335C4004C63B7 /* Main.storyboard in Resources */ = {isa = PBXBuildFile; fileRef = 9C0C95002A2335C4004C63B7 /* Main.storyboard */; };
		9C0C95042A2335C5004C63B7 /* Assets.xcassets in Resources */ = {isa = PBXBuildFile; fileRef = 9C0C95032A2335C5004C63B7 /* Assets.xcassets */; };
		9C0C95072A2335C5004C63B7 /* LaunchScreen.storyboard in Resources */ = {isa = PBXBuildFile; fileRef = 9C0C95052A2335C5004C63B7 /* LaunchScreen.storyboard */; };
		9C5FD5442A48446600783BBF /* SaveButton.swift in Sources */ = {isa = PBXBuildFile; fileRef = 9C5FD5432A48446600783BBF /* SaveButton.swift */; };
		9C68A5DA2A2B73EE0080F946 /* ShadowView.swift in Sources */ = {isa = PBXBuildFile; fileRef = 9C68A5D92A2B73EE0080F946 /* ShadowView.swift */; };
		9C6BD9182A34BD8A00887793 /* DrinksTableViewCell.swift in Sources */ = {isa = PBXBuildFile; fileRef = 9C6BD9172A34BD8A00887793 /* DrinksTableViewCell.swift */; };
		9CBBFFC02A37505C00BD1A24 /* AddDrinksViewController.swift in Sources */ = {isa = PBXBuildFile; fileRef = 9CBBFFBF2A37505C00BD1A24 /* AddDrinksViewController.swift */; };
/* End PBXBuildFile section */

/* Begin PBXFileReference section */
		9C0C94F72A2335C4004C63B7 /* CheckMyLiquid.app */ = {isa = PBXFileReference; explicitFileType = wrapper.application; includeInIndex = 0; path = CheckMyLiquid.app; sourceTree = BUILT_PRODUCTS_DIR; };
		9C0C94FA2A2335C4004C63B7 /* AppDelegate.swift */ = {isa = PBXFileReference; lastKnownFileType = sourcecode.swift; path = AppDelegate.swift; sourceTree = "<group>"; };
		9C0C94FC2A2335C4004C63B7 /* SceneDelegate.swift */ = {isa = PBXFileReference; lastKnownFileType = sourcecode.swift; path = SceneDelegate.swift; sourceTree = "<group>"; };
		9C0C94FE2A2335C4004C63B7 /* ViewController.swift */ = {isa = PBXFileReference; lastKnownFileType = sourcecode.swift; path = ViewController.swift; sourceTree = "<group>"; };
		9C0C95012A2335C4004C63B7 /* Base */ = {isa = PBXFileReference; lastKnownFileType = file.storyboard; name = Base; path = Base.lproj/Main.storyboard; sourceTree = "<group>"; };
		9C0C95032A2335C5004C63B7 /* Assets.xcassets */ = {isa = PBXFileReference; lastKnownFileType = folder.assetcatalog; path = Assets.xcassets; sourceTree = "<group>"; };
		9C0C95062A2335C5004C63B7 /* Base */ = {isa = PBXFileReference; lastKnownFileType = file.storyboard; name = Base; path = Base.lproj/LaunchScreen.storyboard; sourceTree = "<group>"; };
		9C0C95082A2335C5004C63B7 /* Info.plist */ = {isa = PBXFileReference; lastKnownFileType = text.plist.xml; path = Info.plist; sourceTree = "<group>"; };
		9C5FD5432A48446600783BBF /* SaveButton.swift */ = {isa = PBXFileReference; lastKnownFileType = sourcecode.swift; path = SaveButton.swift; sourceTree = "<group>"; };
		9C68A5D92A2B73EE0080F946 /* ShadowView.swift */ = {isa = PBXFileReference; lastKnownFileType = sourcecode.swift; path = ShadowView.swift; sourceTree = "<group>"; };
		9C6BD9172A34BD8A00887793 /* DrinksTableViewCell.swift */ = {isa = PBXFileReference; lastKnownFileType = sourcecode.swift; path = DrinksTableViewCell.swift; sourceTree = "<group>"; };
		9CBBFFBF2A37505C00BD1A24 /* AddDrinksViewController.swift */ = {isa = PBXFileReference; lastKnownFileType = sourcecode.swift; path = AddDrinksViewController.swift; sourceTree = "<group>"; };
/* End PBXFileReference section */

/* Begin PBXFrameworksBuildPhase section */
		9C0C94F42A2335C4004C63B7 /* Frameworks */ = {
			isa = PBXFrameworksBuildPhase;
			buildActionMask = 2147483647;
			files = (
			);
			runOnlyForDeploymentPostprocessing = 0;
		};
/* End PBXFrameworksBuildPhase section */

/* Begin PBXGroup section */
		9C0C94EE2A2335C4004C63B7 = {
			isa = PBXGroup;
			children = (
				9C0C94F92A2335C4004C63B7 /* CheckMyLiquid */,
				9C0C94F82A2335C4004C63B7 /* Products */,
			);
			sourceTree = "<group>";
		};
		9C0C94F82A2335C4004C63B7 /* Products */ = {
			isa = PBXGroup;
			children = (
				9C0C94F72A2335C4004C63B7 /* CheckMyLiquid.app */,
			);
			name = Products;
			sourceTree = "<group>";
		};
		9C0C94F92A2335C4004C63B7 /* CheckMyLiquid */ = {
			isa = PBXGroup;
			children = (
				9C0C94FA2A2335C4004C63B7 /* AppDelegate.swift */,
				9C0C94FC2A2335C4004C63B7 /* SceneDelegate.swift */,
				9C68A5D72A2B73980080F946 /* Views */,
				9C68A5D82A2B73AA0080F946 /* Controllers */,
				9C0C95032A2335C5004C63B7 /* Assets.xcassets */,
				9C0C95052A2335C5004C63B7 /* LaunchScreen.storyboard */,
				9C0C95082A2335C5004C63B7 /* Info.plist */,
			);
			path = CheckMyLiquid;
			sourceTree = "<group>";
		};
		9C68A5D72A2B73980080F946 /* Views */ = {
			isa = PBXGroup;
			children = (
				9C0C95002A2335C4004C63B7 /* Main.storyboard */,
				9C68A5D92A2B73EE0080F946 /* ShadowView.swift */,
				9C6BD9172A34BD8A00887793 /* DrinksTableViewCell.swift */,
				9C5FD5432A48446600783BBF /* SaveButton.swift */,
			);
			path = Views;
			sourceTree = "<group>";
		};
		9C68A5D82A2B73AA0080F946 /* Controllers */ = {
			isa = PBXGroup;
			children = (
				9CBBFFBF2A37505C00BD1A24 /* AddDrinksViewController.swift */,
				9C0C94FE2A2335C4004C63B7 /* ViewController.swift */,
			);
			path = Controllers;
			sourceTree = "<group>";
		};
/* End PBXGroup section */

/* Begin PBXNativeTarget section */
		9C0C94F62A2335C4004C63B7 /* CheckMyLiquid */ = {
			isa = PBXNativeTarget;
			buildConfigurationList = 9C0C950B2A2335C5004C63B7 /* Build configuration list for PBXNativeTarget "CheckMyLiquid" */;
			buildPhases = (
				9C0C94F32A2335C4004C63B7 /* Sources */,
				9C0C94F42A2335C4004C63B7 /* Frameworks */,
				9C0C94F52A2335C4004C63B7 /* Resources */,
			);
			buildRules = (
			);
			dependencies = (
			);
			name = CheckMyLiquid;
			productName = CheckMyLiquid;
			productReference = 9C0C94F72A2335C4004C63B7 /* CheckMyLiquid.app */;
			productType = "com.apple.product-type.application";
		};
/* End PBXNativeTarget section */

/* Begin PBXProject section */
		9C0C94EF2A2335C4004C63B7 /* Project object */ = {
			isa = PBXProject;
			attributes = {
				BuildIndependentTargetsInParallel = 1;
				LastSwiftUpdateCheck = 1410;
				LastUpgradeCheck = 1410;
				TargetAttributes = {
					9C0C94F62A2335C4004C63B7 = {
						CreatedOnToolsVersion = 14.1;
					};
				};
			};
			buildConfigurationList = 9C0C94F22A2335C4004C63B7 /* Build configuration list for PBXProject "CheckMyLiquid" */;
			compatibilityVersion = "Xcode 14.0";
			developmentRegion = en;
			hasScannedForEncodings = 0;
			knownRegions = (
				en,
				Base,
			);
			mainGroup = 9C0C94EE2A2335C4004C63B7;
			productRefGroup = 9C0C94F82A2335C4004C63B7 /* Products */;
			projectDirPath = "";
			projectRoot = "";
			targets = (
				9C0C94F62A2335C4004C63B7 /* CheckMyLiquid */,
			);
		};
/* End PBXProject section */

/* Begin PBXResourcesBuildPhase section */
		9C0C94F52A2335C4004C63B7 /* Resources */ = {
			isa = PBXResourcesBuildPhase;
			buildActionMask = 2147483647;
			files = (
				9C0C95072A2335C5004C63B7 /* LaunchScreen.storyboard in Resources */,
				9C0C95042A2335C5004C63B7 /* Assets.xcassets in Resources */,
				9C0C95022A2335C4004C63B7 /* Main.storyboard in Resources */,
			);
			runOnlyForDeploymentPostprocessing = 0;
		};
/* End PBXResourcesBuildPhase section */

/* Begin PBXSourcesBuildPhase section */
		9C0C94F32A2335C4004C63B7 /* Sources */ = {
			isa = PBXSourcesBuildPhase;
			buildActionMask = 2147483647;
			files = (
				9C68A5DA2A2B73EE0080F946 /* ShadowView.swift in Sources */,
				9C5FD5442A48446600783BBF /* SaveButton.swift in Sources */,
				9CBBFFC02A37505C00BD1A24 /* AddDrinksViewController.swift in Sources */,
				9C6BD9182A34BD8A00887793 /* DrinksTableViewCell.swift in Sources */,
				9C0C94FF2A2335C4004C63B7 /* ViewController.swift in Sources */,
				9C0C94FB2A2335C4004C63B7 /* AppDelegate.swift in Sources */,
				9C0C94FD2A2335C4004C63B7 /* SceneDelegate.swift in Sources */,
			);
			runOnlyForDeploymentPostprocessing = 0;
		};
/* End PBXSourcesBuildPhase section */

/* Begin PBXVariantGroup section */
		9C0C95002A2335C4004C63B7 /* Main.storyboard */ = {
			isa = PBXVariantGroup;
			children = (
				9C0C95012A2335C4004C63B7 /* Base */,
			);
			name = Main.storyboard;
			sourceTree = "<group>";
		};
		9C0C95052A2335C5004C63B7 /* LaunchScreen.storyboard */ = {
			isa = PBXVariantGroup;
			children = (
				9C0C95062A2335C5004C63B7 /* Base */,
			);
			name = LaunchScreen.storyboard;
			sourceTree = "<group>";
		};
/* End PBXVariantGroup section */

/* Begin XCBuildConfiguration section */
		9C0C95092A2335C5004C63B7 /* Debug */ = {
			isa = XCBuildConfiguration;
			buildSettings = {
				ALWAYS_SEARCH_USER_PATHS = NO;
				CLANG_ANALYZER_NONNULL = YES;
				CLANG_ANALYZER_NUMBER_OBJECT_CONVERSION = YES_AGGRESSIVE;
				CLANG_CXX_LANGUAGE_STANDARD = "gnu++20";
				CLANG_ENABLE_MODULES = YES;
				CLANG_ENABLE_OBJC_ARC = YES;
				CLANG_ENABLE_OBJC_WEAK = YES;
				CLANG_WARN_BLOCK_CAPTURE_AUTORELEASING = YES;
				CLANG_WARN_BOOL_CONVERSION = YES;
				CLANG_WARN_COMMA = YES;
				CLANG_WARN_CONSTANT_CONVERSION = YES;
				CLANG_WARN_DEPRECATED_OBJC_IMPLEMENTATIONS = YES;
				CLANG_WARN_DIRECT_OBJC_ISA_USAGE = YES_ERROR;
				CLANG_WARN_DOCUMENTATION_COMMENTS = YES;
				CLANG_WARN_EMPTY_BODY = YES;
				CLANG_WARN_ENUM_CONVERSION = YES;
				CLANG_WARN_INFINITE_RECURSION = YES;
				CLANG_WARN_INT_CONVERSION = YES;
				CLANG_WARN_NON_LITERAL_NULL_CONVERSION = YES;
				CLANG_WARN_OBJC_IMPLICIT_RETAIN_SELF = YES;
				CLANG_WARN_OBJC_LITERAL_CONVERSION = YES;
				CLANG_WARN_OBJC_ROOT_CLASS = YES_ERROR;
				CLANG_WARN_QUOTED_INCLUDE_IN_FRAMEWORK_HEADER = YES;
				CLANG_WARN_RANGE_LOOP_ANALYSIS = YES;
				CLANG_WARN_STRICT_PROTOTYPES = YES;
				CLANG_WARN_SUSPICIOUS_MOVE = YES;
				CLANG_WARN_UNGUARDED_AVAILABILITY = YES_AGGRESSIVE;
				CLANG_WARN_UNREACHABLE_CODE = YES;
				CLANG_WARN__DUPLICATE_METHOD_MATCH = YES;
				COPY_PHASE_STRIP = NO;
				DEBUG_INFORMATION_FORMAT = dwarf;
				ENABLE_STRICT_OBJC_MSGSEND = YES;
				ENABLE_TESTABILITY = YES;
				GCC_C_LANGUAGE_STANDARD = gnu11;
				GCC_DYNAMIC_NO_PIC = NO;
				GCC_NO_COMMON_BLOCKS = YES;
				GCC_OPTIMIZATION_LEVEL = 0;
				GCC_PREPROCESSOR_DEFINITIONS = (
					"DEBUG=1",
					"$(inherited)",
				);
				GCC_WARN_64_TO_32_BIT_CONVERSION = YES;
				GCC_WARN_ABOUT_RETURN_TYPE = YES_ERROR;
				GCC_WARN_UNDECLARED_SELECTOR = YES;
				GCC_WARN_UNINITIALIZED_AUTOS = YES_AGGRESSIVE;
				GCC_WARN_UNUSED_FUNCTION = YES;
				GCC_WARN_UNUSED_VARIABLE = YES;
				IPHONEOS_DEPLOYMENT_TARGET = 16.1;
				MTL_ENABLE_DEBUG_INFO = INCLUDE_SOURCE;
				MTL_FAST_MATH = YES;
				ONLY_ACTIVE_ARCH = YES;
				SDKROOT = iphoneos;
				SWIFT_ACTIVE_COMPILATION_CONDITIONS = DEBUG;
				SWIFT_OPTIMIZATION_LEVEL = "-Onone";
			};
			name = Debug;
		};
		9C0C950A2A2335C5004C63B7 /* Release */ = {
			isa = XCBuildConfiguration;
			buildSettings = {
				ALWAYS_SEARCH_USER_PATHS = NO;
				CLANG_ANALYZER_NONNULL = YES;
				CLANG_ANALYZER_NUMBER_OBJECT_CONVERSION = YES_AGGRESSIVE;
				CLANG_CXX_LANGUAGE_STANDARD = "gnu++20";
				CLANG_ENABLE_MODULES = YES;
				CLANG_ENABLE_OBJC_ARC = YES;
				CLANG_ENABLE_OBJC_WEAK = YES;
				CLANG_WARN_BLOCK_CAPTURE_AUTORELEASING = YES;
				CLANG_WARN_BOOL_CONVERSION = YES;
				CLANG_WARN_COMMA = YES;
				CLANG_WARN_CONSTANT_CONVERSION = YES;
				CLANG_WARN_DEPRECATED_OBJC_IMPLEMENTATIONS = YES;
				CLANG_WARN_DIRECT_OBJC_ISA_USAGE = YES_ERROR;
				CLANG_WARN_DOCUMENTATION_COMMENTS = YES;
				CLANG_WARN_EMPTY_BODY = YES;
				CLANG_WARN_ENUM_CONVERSION = YES;
				CLANG_WARN_INFINITE_RECURSION = YES;
				CLANG_WARN_INT_CONVERSION = YES;
				CLANG_WARN_NON_LITERAL_NULL_CONVERSION = YES;
				CLANG_WARN_OBJC_IMPLICIT_RETAIN_SELF = YES;
				CLANG_WARN_OBJC_LITERAL_CONVERSION = YES;
				CLANG_WARN_OBJC_ROOT_CLASS = YES_ERROR;
				CLANG_WARN_QUOTED_INCLUDE_IN_FRAMEWORK_HEADER = YES;
				CLANG_WARN_RANGE_LOOP_ANALYSIS = YES;
				CLANG_WARN_STRICT_PROTOTYPES = YES;
				CLANG_WARN_SUSPICIOUS_MOVE = YES;
				CLANG_WARN_UNGUARDED_AVAILABILITY = YES_AGGRESSIVE;
				CLANG_WARN_UNREACHABLE_CODE = YES;
				CLANG_WARN__DUPLICATE_METHOD_MATCH = YES;
				COPY_PHASE_STRIP = NO;
				DEBUG_INFORMATION_FORMAT = "dwarf-with-dsym";
				ENABLE_NS_ASSERTIONS = NO;
				ENABLE_STRICT_OBJC_MSGSEND = YES;
				GCC_C_LANGUAGE_STANDARD = gnu11;
				GCC_NO_COMMON_BLOCKS = YES;
				GCC_WARN_64_TO_32_BIT_CONVERSION = YES;
				GCC_WARN_ABOUT_RETURN_TYPE = YES_ERROR;
				GCC_WARN_UNDECLARED_SELECTOR = YES;
				GCC_WARN_UNINITIALIZED_AUTOS = YES_AGGRESSIVE;
				GCC_WARN_UNUSED_FUNCTION = YES;
				GCC_WARN_UNUSED_VARIABLE = YES;
				IPHONEOS_DEPLOYMENT_TARGET = 16.1;
				MTL_ENABLE_DEBUG_INFO = NO;
				MTL_FAST_MATH = YES;
				SDKROOT = iphoneos;
				SWIFT_COMPILATION_MODE = wholemodule;
				SWIFT_OPTIMIZATION_LEVEL = "-O";
				VALIDATE_PRODUCT = YES;
			};
			name = Release;
		};
		9C0C950C2A2335C5004C63B7 /* Debug */ = {
			isa = XCBuildConfiguration;
			buildSettings = {
				ASSETCATALOG_COMPILER_APPICON_NAME = AppIcon;
				ASSETCATALOG_COMPILER_GLOBAL_ACCENT_COLOR_NAME = AccentColor;
				CODE_SIGN_STYLE = Automatic;
				CURRENT_PROJECT_VERSION = 1;
				GENERATE_INFOPLIST_FILE = YES;
				INFOPLIST_FILE = CheckMyLiquid/Info.plist;
				INFOPLIST_KEY_UIApplicationSupportsIndirectInputEvents = YES;
				INFOPLIST_KEY_UILaunchStoryboardName = LaunchScreen;
				INFOPLIST_KEY_UIMainStoryboardFile = Main;
				INFOPLIST_KEY_UISupportedInterfaceOrientations_iPad = "UIInterfaceOrientationPortrait UIInterfaceOrientationPortraitUpsideDown UIInterfaceOrientationLandscapeLeft UIInterfaceOrientationLandscapeRight";
				INFOPLIST_KEY_UISupportedInterfaceOrientations_iPhone = "UIInterfaceOrientationPortrait UIInterfaceOrientationLandscapeLeft UIInterfaceOrientationLandscapeRight";
				LD_RUNPATH_SEARCH_PATHS = (
					"$(inherited)",
					"@executable_path/Frameworks",
				);
				MARKETING_VERSION = 1.0;
				PRODUCT_BUNDLE_IDENTIFIER = ansori.com.CheckMyLiquid;
				PRODUCT_NAME = "$(TARGET_NAME)";
				SWIFT_EMIT_LOC_STRINGS = YES;
				SWIFT_VERSION = 5.0;
				TARGETED_DEVICE_FAMILY = "1,2";
			};
			name = Debug;
		};
		9C0C950D2A2335C5004C63B7 /* Release */ = {
			isa = XCBuildConfiguration;
			buildSettings = {
				ASSETCATALOG_COMPILER_APPICON_NAME = AppIcon;
				ASSETCATALOG_COMPILER_GLOBAL_ACCENT_COLOR_NAME = AccentColor;
				CODE_SIGN_STYLE = Automatic;
				CURRENT_PROJECT_VERSION = 1;
				GENERATE_INFOPLIST_FILE = YES;
				INFOPLIST_FILE = CheckMyLiquid/Info.plist;
				INFOPLIST_KEY_UIApplicationSupportsIndirectInputEvents = YES;
				INFOPLIST_KEY_UILaunchStoryboardName = LaunchScreen;
				INFOPLIST_KEY_UIMainStoryboardFile = Main;
				INFOPLIST_KEY_UISupportedInterfaceOrientations_iPad = "UIInterfaceOrientationPortrait UIInterfaceOrientationPortraitUpsideDown UIInterfaceOrientationLandscapeLeft UIInterfaceOrientationLandscapeRight";
				INFOPLIST_KEY_UISupportedInterfaceOrientations_iPhone = "UIInterfaceOrientationPortrait UIInterfaceOrientationLandscapeLeft UIInterfaceOrientationLandscapeRight";
				LD_RUNPATH_SEARCH_PATHS = (
					"$(inherited)",
					"@executable_path/Frameworks",
				);
				MARKETING_VERSION = 1.0;
				PRODUCT_BUNDLE_IDENTIFIER = ansori.com.CheckMyLiquid;
				PRODUCT_NAME = "$(TARGET_NAME)";
				SWIFT_EMIT_LOC_STRINGS = YES;
				SWIFT_VERSION = 5.0;
				TARGETED_DEVICE_FAMILY = "1,2";
			};
			name = Release;
		};
/* End XCBuildConfiguration section */

/* Begin XCConfigurationList section */
		9C0C94F22A2335C4004C63B7 /* Build configuration list for PBXProject "CheckMyLiquid" */ = {
			isa = XCConfigurationList;
			buildConfigurations = (
				9C0C95092A2335C5004C63B7 /* Debug */,
				9C0C950A2A2335C5004C63B7 /* Release */,
			);
			defaultConfigurationIsVisible = 0;
			defaultConfigurationName = Release;
		};
		9C0C950B2A2335C5004C63B7 /* Build configuration list for PBXNativeTarget "CheckMyLiquid" */ = {
			isa = XCConfigurationList;
			buildConfigurations = (
				9C0C950C2A2335C5004C63B7 /* Debug */,
				9C0C950D2A2335C5004C63B7 /* Release */,
			);
			defaultConfigurationIsVisible = 0;
			defaultConfigurationName = Release;
		};
/* End XCConfigurationList section */
	};
	rootObject = 9C0C94EF2A2335C4004C63B7 /* Project object */;
}
